
Microsoft Visual Studio Solution File, Format Version 12.00
Project("{FAE04EC0-301F-11D3-BF4B-00C04F79EFBC}") = "DotnetDemo", "DotnetDemo\DotnetDemo.csproj", "{F886C253-DC46-4CA6-B202-BCBD520A8E20}"
EndProject
Global
	GlobalSection(SolutionConfigurationPlatforms) = preSolution
		Debug|Any CPU = Debug|Any CPU
		Release|Any CPU = Release|Any CPU
	EndGlobalSection
	GlobalSection(ProjectConfigurationPlatforms) = postSolution
		{F886C253-DC46-4CA6-B202-BCBD520A8E20}.Debug|Any CPU.ActiveCfg = Debug|Any CPU
		{F886C253-DC46-4CA6-B202-BCBD520A8E20}.Debug|Any CPU.Build.0 = Debug|Any CPU
		{F886C253-DC46-4CA6-B202-BCBD520A8E20}.Release|Any CPU.ActiveCfg = Release|Any CPU
		{F886C253-DC46-4CA6-B202-BCBD520A8E20}.Release|Any CPU.Build.0 = Release|Any CPU
	EndGlobalSection
EndGlobal
